<?xml version="1.0" encoding="utf-8"?>
<Project ToolsVersion="4.0" xmlns="http://schemas.microsoft.com/developer/msbuild/2003">
  <ItemGroup>
    <Filter Include="Quelldateien">
      <UniqueIdentifier>{4FC737F1-C7A5-4376-A066-2A32D752A2FF}</UniqueIdentifier>
      <Extensions>cpp;c;cc;cxx;c++;cppm;ixx;def;odl;idl;hpj;bat;asm;asmx</Extensions>
    </Filter>
    <Filter Include="Headerdateien">
      <UniqueIdentifier>{93995380-89BD-4b04-88EB-625FBE52EBFB}</UniqueIdentifier>
      <Extensions>h;hh;hpp;hxx;h++;hm;inl;inc;ipp;xsd</Extensions>
    </Filter>
    <Filter Include="Ressourcendateien">
      <UniqueIdentifier>{67DA6AB6-F800-4c08-8B7A-83BB121AAD01}</UniqueIdentifier>
      <Extensions>rc;ico;cur;bmp;dlg;rc2;rct;bin;rgs;gif;jpg;jpeg;jpe;resx;tiff;tif;png;wav;mfcribbon-ms</Extensions>
    </Filter>
  </ItemGroup>
  <ItemGroup>
    <ClCompile Include="src\main.cpp">
      <Filter>Quelldateien</Filter>
    </ClCompile>
  </ItemGroup>
  <ItemGroup>
    <ClInclude Include="src\utility\print.h">
      <Filter>Headerdateien</Filter>
    </ClInclude>
    <ClInclude Include="src\utility\ppmagic.h">
      <Filter>Headerdateien</Filter>
    </ClInclude>
    <ClInclude Include="src\core\NFAbstractNodeModel.hpp">
      <Filter>Headerdateien</Filter>
    </ClInclude>
    <ClInclude Include="src\Header.h">
      <Filter>Headerdateien</Filter>
    </ClInclude>
    <ClInclude Include="src\core\NFUserNode.hpp">
      <Filter>Headerdateien</Filter>
    </ClInclude>
    <ClInclude Include="src\core\NFSettings.hpp">
      <Filter>Headerdateien</Filter>
    </ClInclude>
    <ClInclude Include="src\core\NFTypeInfo.hpp">
      <Filter>Headerdateien</Filter>
    </ClInclude>
    <ClInclude Include="src\utility\timer.h">
      <Filter>Headerdateien</Filter>
    </ClInclude>
    <ClInclude Include="src\utility\entt.h">
      <Filter>Headerdateien</Filter>
    </ClInclude>
    <ClInclude Include="src\utility\any.h">
      <Filter>Headerdateien</Filter>
    </ClInclude>
    <ClInclude Include="src\core\NumericConversion.hpp">
      <Filter>Headerdateien</Filter>
    </ClInclude>
    <ClInclude Include="src\core\TypeConversion.hpp">
      <Filter>Headerdateien</Filter>
    </ClInclude>
    <ClInclude Include="src\utility\nfutils.h">
      <Filter>Headerdateien</Filter>
    </ClInclude>
    <ClInclude Include="src\core\StaticNodeModel.hpp">
      <Filter>Headerdateien</Filter>
    </ClInclude>
    <ClInclude Include="src\core\TypeTricks.hpp">
      <Filter>Headerdateien</Filter>
    </ClInclude>
    <ClInclude Include="src\core\NodeStyle.hpp">
      <Filter>Headerdateien</Filter>
    </ClInclude>
    <ClInclude Include="src\core\NFPainter.hpp">
      <Filter>Headerdateien</Filter>
    </ClInclude>
    <ClInclude Include="src\utility\tmp.h">
      <Filter>Headerdateien</Filter>
    </ClInclude>
    <ClInclude Include="src\core\ValueWrapper.h">
      <Filter>Headerdateien</Filter>
    </ClInclude>
    <ClInclude Include="src\core\IOPort.h">
      <Filter>Headerdateien</Filter>
    </ClInclude>
  </ItemGroup>
</Project>