
Microsoft Visual Studio Solution File, Format Version 12.00
# Visual Studio Version 17
VisualStudioVersion = 17.1.32414.318
MinimumVisualStudioVersion = 10.0.40219.1
Project("{8BC9CEB8-8B4A-11D0-8D11-00A0C91BC942}") = "nodeflow", "nodeflow.vcxproj", "{BD7DE6A7-24EA-4CB6-95B0-C08193BCD040}"
EndProject
Project("{8BC9CEB8-8B4A-11D0-8D11-00A0C91BC942}") = "nodeflow-editor-qt", "nodeflow-editor-qt\nodeflow-editor-qt.vcxproj", "{6D9306E7-5328-492D-B64C-79A0DBD15D44}"
EndProject
Global
	GlobalSection(SolutionConfigurationPlatforms) = preSolution
		Debug|x64 = Debug|x64
		Debug|x86 = Debug|x86
		Release|x64 = Release|x64
		Release|x86 = Release|x86
	EndGlobalSection
	GlobalSection(ProjectConfigurationPlatforms) = postSolution
		{BD7DE6A7-24EA-4CB6-95B0-C08193BCD040}.Debug|x64.ActiveCfg = Debug|x64
		{BD7DE6A7-24EA-4CB6-95B0-C08193BCD040}.Debug|x64.Build.0 = Debug|x64
		{BD7DE6A7-24EA-4CB6-95B0-C08193BCD040}.Debug|x86.ActiveCfg = Debug|Win32
		{BD7DE6A7-24EA-4CB6-95B0-C08193BCD040}.Debug|x86.Build.0 = Debug|Win32
		{BD7DE6A7-24EA-4CB6-95B0-C08193BCD040}.Release|x64.ActiveCfg = Release|x64
		{BD7DE6A7-24EA-4CB6-95B0-C08193BCD040}.Release|x64.Build.0 = Release|x64
		{BD7DE6A7-24EA-4CB6-95B0-C08193BCD040}.Release|x86.ActiveCfg = Release|Win32
		{BD7DE6A7-24EA-4CB6-95B0-C08193BCD040}.Release|x86.Build.0 = Release|Win32
		{6D9306E7-5328-492D-B64C-79A0DBD15D44}.Debug|x64.ActiveCfg = Debug|x64
		{6D9306E7-5328-492D-B64C-79A0DBD15D44}.Debug|x64.Build.0 = Debug|x64
		{6D9306E7-5328-492D-B64C-79A0DBD15D44}.Debug|x86.ActiveCfg = Debug|x64
		{6D9306E7-5328-492D-B64C-79A0DBD15D44}.Debug|x86.Build.0 = Debug|x64
		{6D9306E7-5328-492D-B64C-79A0DBD15D44}.Release|x64.ActiveCfg = Release|x64
		{6D9306E7-5328-492D-B64C-79A0DBD15D44}.Release|x64.Build.0 = Release|x64
		{6D9306E7-5328-492D-B64C-79A0DBD15D44}.Release|x86.ActiveCfg = Release|x64
		{6D9306E7-5328-492D-B64C-79A0DBD15D44}.Release|x86.Build.0 = Release|x64
	EndGlobalSection
	GlobalSection(SolutionProperties) = preSolution
		HideSolutionNode = FALSE
	EndGlobalSection
	GlobalSection(ExtensibilityGlobals) = postSolution
		SolutionGuid = {703549F2-EFA2-4F1D-A4B1-FC81A1E590EF}
	EndGlobalSection
EndGlobal
